
Microsoft Visual Studio Solution File, Format Version 12.00
# Visual Studio Version 17
VisualStudioVersion = 17.1.32407.343
MinimumVisualStudioVersion = 10.0.40219.1
Project("{FAE04EC0-301F-11D3-BF4B-00C04F79EFBC}") = "7_Structur", "7_Structur\7_Structur.csproj", "{D0CD4F3A-6CE5-4202-8F18-51A5FB9F7769}"
EndProject
Global
	GlobalSection(SolutionConfigurationPlatforms) = preSolution
		Debug|Any CPU = Debug|Any CPU
		Release|Any CPU = Release|Any CPU
	EndGlobalSection
	GlobalSection(ProjectConfigurationPlatforms) = postSolution
		{D0CD4F3A-6CE5-4202-8F18-51A5FB9F7769}.Debug|Any CPU.ActiveCfg = Debug|Any CPU
		{D0CD4F3A-6CE5-4202-8F18-51A5FB9F7769}.Debug|Any CPU.Build.0 = Debug|Any CPU
		{D0CD4F3A-6CE5-4202-8F18-51A5FB9F7769}.Release|Any CPU.ActiveCfg = Release|Any CPU
		{D0CD4F3A-6CE5-4202-8F18-51A5FB9F7769}.Release|Any CPU.Build.0 = Release|Any CPU
	EndGlobalSection
	GlobalSection(SolutionProperties) = preSolution
		HideSolutionNode = FALSE
	EndGlobalSection
	GlobalSection(ExtensibilityGlobals) = postSolution
		SolutionGuid = {7AD96B9E-ACEA-4512-93D6-69218AD16083}
	EndGlobalSection
EndGlobal
